
Microsoft Visual Studio Solution File, Format Version 12.00
# Visual Studio 2013
VisualStudioVersion = 12.0.30501.0
MinimumVisualStudioVersion = 10.0.40219.1
Project("{FAE04EC0-301F-11D3-BF4B-00C04F79EFBC}") = "TownSystem.Models", "TownSystem.Models\TownSystem.Models.csproj", "{78FD5502-E904-4BA0-9DAC-D4C2D0A0D223}"
EndProject
Project("{FAE04EC0-301F-11D3-BF4B-00C04F79EFBC}") = "TownSystem.Data", "TownSystem.Data\TownSystem.Data.csproj", "{F5E641A1-55B0-4FAF-BBD2-EC98D20572E7}"
EndProject
Project("{FAE04EC0-301F-11D3-BF4B-00C04F79EFBC}") = "TownSystem.ConsoleClient", "TownSystem.ConsoleClient\TownSystem.ConsoleClient.csproj", "{9DEBB794-2495-413F-AE4C-7B8C7A4A924D}"
EndProject
Global
	GlobalSection(SolutionConfigurationPlatforms) = preSolution
		Debug|Any CPU = Debug|Any CPU
		Release|Any CPU = Release|Any CPU
	EndGlobalSection
	GlobalSection(ProjectConfigurationPlatforms) = postSolution
		{78FD5502-E904-4BA0-9DAC-D4C2D0A0D223}.Debug|Any CPU.ActiveCfg = Debug|Any CPU
		{78FD5502-E904-4BA0-9DAC-D4C2D0A0D223}.Debug|Any CPU.Build.0 = Debug|Any CPU
		{78FD5502-E904-4BA0-9DAC-D4C2D0A0D223}.Release|Any CPU.ActiveCfg = Release|Any CPU
		{78FD5502-E904-4BA0-9DAC-D4C2D0A0D223}.Release|Any CPU.Build.0 = Release|Any CPU
		{F5E641A1-55B0-4FAF-BBD2-EC98D20572E7}.Debug|Any CPU.ActiveCfg = Debug|Any CPU
		{F5E641A1-55B0-4FAF-BBD2-EC98D20572E7}.Debug|Any CPU.Build.0 = Debug|Any CPU
		{F5E641A1-55B0-4FAF-BBD2-EC98D20572E7}.Release|Any CPU.ActiveCfg = Release|Any CPU
		{F5E641A1-55B0-4FAF-BBD2-EC98D20572E7}.Release|Any CPU.Build.0 = Release|Any CPU
		{9DEBB794-2495-413F-AE4C-7B8C7A4A924D}.Debug|Any CPU.ActiveCfg = Debug|Any CPU
		{9DEBB794-2495-413F-AE4C-7B8C7A4A924D}.Debug|Any CPU.Build.0 = Debug|Any CPU
		{9DEBB794-2495-413F-AE4C-7B8C7A4A924D}.Release|Any CPU.ActiveCfg = Release|Any CPU
		{9DEBB794-2495-413F-AE4C-7B8C7A4A924D}.Release|Any CPU.Build.0 = Release|Any CPU
	EndGlobalSection
	GlobalSection(SolutionProperties) = preSolution
		HideSolutionNode = FALSE
	EndGlobalSection
EndGlobal
